
Microsoft Visual Studio Solution File, Format Version 12.00
# Visual Studio Version 17
VisualStudioVersion = 17.5.002.0
MinimumVisualStudioVersion = 10.0.40219.1
Project("{9A19103F-16F7-4668-BE54-9A1E7A4F7556}") = "project", "project.csproj", "{F84B8BEE-0A37-46AE-8C31-07680860EA9A}"
EndProject
Global
	GlobalSection(SolutionConfigurationPlatforms) = preSolution
		Debug|Any CPU = Debug|Any CPU
		Release|Any CPU = Release|Any CPU
	EndGlobalSection
	GlobalSection(ProjectConfigurationPlatforms) = postSolution
		{F84B8BEE-0A37-46AE-8C31-07680860EA9A}.Debug|Any CPU.ActiveCfg = Debug|Any CPU
		{F84B8BEE-0A37-46AE-8C31-07680860EA9A}.Debug|Any CPU.Build.0 = Debug|Any CPU
		{F84B8BEE-0A37-46AE-8C31-07680860EA9A}.Release|Any CPU.ActiveCfg = Release|Any CPU
		{F84B8BEE-0A37-46AE-8C31-07680860EA9A}.Release|Any CPU.Build.0 = Release|Any CPU
	EndGlobalSection
	GlobalSection(SolutionProperties) = preSolution
		HideSolutionNode = FALSE
	EndGlobalSection
	GlobalSection(ExtensibilityGlobals) = postSolution
		SolutionGuid = {EA59B4FF-2032-48EB-A14B-EA2728C32841}
	EndGlobalSection
EndGlobal
